
Microsoft Visual Studio Solution File, Format Version 12.00
# Visual Studio 2013
VisualStudioVersion = 12.0.31101.0
MinimumVisualStudioVersion = 10.0.40219.1
Project("{FAE04EC0-301F-11D3-BF4B-00C04F79EFBC}") = "Trencadis.Tools.TextTransformations", "..\Trencadis.Tools.TextTransformations.Library\Trencadis.Tools.TextTransformations.csproj", "{83602938-58F3-482A-99E7-EE1BFC1DAE26}"
EndProject
Project("{FAE04EC0-301F-11D3-BF4B-00C04F79EFBC}") = "Trencadis.Tools.TextTransformations.Demo", "Trencadis.Tools.TextTransformations.Demo\Trencadis.Tools.TextTransformations.Demo.csproj", "{4E3AF843-641C-407B-955D-9281B0A3EBAA}"
EndProject
Global
	GlobalSection(SolutionConfigurationPlatforms) = preSolution
		Debug|Any CPU = Debug|Any CPU
		Release|Any CPU = Release|Any CPU
	EndGlobalSection
	GlobalSection(ProjectConfigurationPlatforms) = postSolution
		{83602938-58F3-482A-99E7-EE1BFC1DAE26}.Debug|Any CPU.ActiveCfg = Debug|Any CPU
		{83602938-58F3-482A-99E7-EE1BFC1DAE26}.Debug|Any CPU.Build.0 = Debug|Any CPU
		{83602938-58F3-482A-99E7-EE1BFC1DAE26}.Release|Any CPU.ActiveCfg = Release|Any CPU
		{83602938-58F3-482A-99E7-EE1BFC1DAE26}.Release|Any CPU.Build.0 = Release|Any CPU
		{4E3AF843-641C-407B-955D-9281B0A3EBAA}.Debug|Any CPU.ActiveCfg = Debug|Any CPU
		{4E3AF843-641C-407B-955D-9281B0A3EBAA}.Debug|Any CPU.Build.0 = Debug|Any CPU
		{4E3AF843-641C-407B-955D-9281B0A3EBAA}.Release|Any CPU.ActiveCfg = Release|Any CPU
		{4E3AF843-641C-407B-955D-9281B0A3EBAA}.Release|Any CPU.Build.0 = Release|Any CPU
	EndGlobalSection
	GlobalSection(SolutionProperties) = preSolution
		HideSolutionNode = FALSE
	EndGlobalSection
EndGlobal
